lockfileVersion: 5.3

specifiers:
  '@nocom_bot/types_ts_plugin_a1': ^0.11.0
  '@tsconfig/node18': ^1.0.1
  '@types/node': ^18

dependencies:
  '@nocom_bot/types_ts_plugin_a1': 0.11.0
  '@tsconfig/node18': 1.0.1
  '@types/node': 18.6.3

packages:

  /@nocom_bot/types_ts_plugin_a1/0.11.0:
    resolution: {integrity: sha512-yltwUkz6rceebRa+FJTNsF64FpaOAueIBWdFYShtI80oWafAVSDunFnjBftEJannFGaVqahG4hgmHJijdstG9w==}
    dev: false

  /@tsconfig/node18/1.0.1:
    resolution: {integrity: sha512-sNFeK6X2ATlhlvzyH4kKYQlfHXE2f2/wxtB9ClvYXevWpmwkUT7VaSrjIN9E76Qebz8qP5JOJJ9jD3QoD/Z9TA==}
    dev: false

  /@types/node/18.6.3:
    resolution: {integrity: sha512-6qKpDtoaYLM+5+AFChLhHermMQxc3TOEFIDzrZLPRGHPrLEwqFkkT5Kx3ju05g6X7uDPazz3jHbKPX0KzCjntg==}
    dev: false
